
Microsoft Visual Studio Solution File, Format Version 12.00
# Visual Studio Version 16
VisualStudioVersion = 16.0.32901.82
MinimumVisualStudioVersion = 10.0.40219.1
Project("{9A19103F-16F7-4668-BE54-9A1E7A4F7556}") = "Company Person Status (CPS)", "Company Person Status (CPS)\Company Person Status (CPS).csproj", "{D3FDC925-2343-4058-839D-5BD1A2CD3F27}"
EndProject
Project("{54435603-DBB4-11D2-8724-00A0C9A8B90C}") = "Setup", "Setup\Setup.vdproj", "{D73BBE67-4AFB-4AEE-8A0C-D7AEA87BBD14}"
EndProject
Global
	GlobalSection(SolutionConfigurationPlatforms) = preSolution
		Debug|Any CPU = Debug|Any CPU
		Release|Any CPU = Release|Any CPU
	EndGlobalSection
	GlobalSection(ProjectConfigurationPlatforms) = postSolution
		{D3FDC925-2343-4058-839D-5BD1A2CD3F27}.Debug|Any CPU.ActiveCfg = Release|Any CPU
		{D3FDC925-2343-4058-839D-5BD1A2CD3F27}.Debug|Any CPU.Build.0 = Release|Any CPU
		{D3FDC925-2343-4058-839D-5BD1A2CD3F27}.Release|Any CPU.ActiveCfg = Release|Any CPU
		{D3FDC925-2343-4058-839D-5BD1A2CD3F27}.Release|Any CPU.Build.0 = Release|Any CPU
		{D73BBE67-4AFB-4AEE-8A0C-D7AEA87BBD14}.Debug|Any CPU.ActiveCfg = Debug
		{D73BBE67-4AFB-4AEE-8A0C-D7AEA87BBD14}.Release|Any CPU.ActiveCfg = Release
	EndGlobalSection
	GlobalSection(SolutionProperties) = preSolution
		HideSolutionNode = FALSE
	EndGlobalSection
	GlobalSection(ExtensibilityGlobals) = postSolution
		SolutionGuid = {62727A58-0AD9-4456-8CDD-F236A699181F}
	EndGlobalSection
EndGlobal
